// !$*UTF8*$!
{
	archiveVersion = 1;
	classes = {
	};
	objectVersion = 51;
	objects = {

/* Begin PBXBuildFile section */
		3BDD922766899A95CB246279 /* Pods_Codenames.framework in Frameworks */ = {isa = PBXBuildFile; fileRef = F6851B4BE418BD2EDEC9135B /* Pods_Codenames.framework */; };
		631EED74245CB94F00BD0091 /* GoogleService-Info.plist in Resources */ = {isa = PBXBuildFile; fileRef = 631EED73245CB94F00BD0091 /* GoogleService-Info.plist */; };
		631EED79245CBDF200BD0091 /* CardCollectionViewController.swift in Sources */ = {isa = PBXBuildFile; fileRef = 631EED78245CBDF200BD0091 /* CardCollectionViewController.swift */; };
		631EED7C245CBED600BD0091 /* CardCollectionCell.swift in Sources */ = {isa = PBXBuildFile; fileRef = 631EED7A245CBED600BD0091 /* CardCollectionCell.swift */; };
		631EED7D245CBED600BD0091 /* CardCollectionCell.xib in Resources */ = {isa = PBXBuildFile; fileRef = 631EED7B245CBED600BD0091 /* CardCollectionCell.xib */; };
		63839D97245D57A300657441 /* GameLogic.swift in Sources */ = {isa = PBXBuildFile; fileRef = 63839D96245D57A300657441 /* GameLogic.swift */; };
		639C6CD42458855A0042E635 /* AppDelegate.swift in Sources */ = {isa = PBXBuildFile; fileRef = 639C6CD32458855A0042E635 /* AppDelegate.swift */; };
		639C6CDB2458855A0042E635 /* Main.storyboard in Resources */ = {isa = PBXBuildFile; fileRef = 639C6CD92458855A0042E635 /* Main.storyboard */; };
		639C6CDE2458855A0042E635 /* Codenames.xcdatamodeld in Sources */ = {isa = PBXBuildFile; fileRef = 639C6CDC2458855A0042E635 /* Codenames.xcdatamodeld */; };
		639C6CE02458855F0042E635 /* Assets.xcassets in Resources */ = {isa = PBXBuildFile; fileRef = 639C6CDF2458855F0042E635 /* Assets.xcassets */; };
		639C6CE32458855F0042E635 /* LaunchScreen.storyboard in Resources */ = {isa = PBXBuildFile; fileRef = 639C6CE12458855F0042E635 /* LaunchScreen.storyboard */; };
		639C6CEE2458855F0042E635 /* CodenamesTests.swift in Sources */ = {isa = PBXBuildFile; fileRef = 639C6CED2458855F0042E635 /* CodenamesTests.swift */; };
		D7403E63CE6018634899B667 /* Pods_CodenamesTests.framework in Frameworks */ = {isa = PBXBuildFile; fileRef = 2FB4D6896ED5B64C64349F3A /* Pods_CodenamesTests.framework */; };
/* End PBXBuildFile section */

/* Begin PBXContainerItemProxy section */
		639C6CEA2458855F0042E635 /* PBXContainerItemProxy */ = {
			isa = PBXContainerItemProxy;
			containerPortal = 639C6CC82458855A0042E635 /* Project object */;
			proxyType = 1;
			remoteGlobalIDString = 639C6CCF2458855A0042E635;
			remoteInfo = Codenames;
		};
/* End PBXContainerItemProxy section */

/* Begin PBXFileReference section */
		2797D24CB3CEF088D22441DC /* Pods-CodenamesTests.debug.xcconfig */ = {isa = PBXFileReference; includeInIndex = 1; lastKnownFileType = text.xcconfig; name = "Pods-CodenamesTests.debug.xcconfig"; path = "Target Support Files/Pods-CodenamesTests/Pods-CodenamesTests.debug.xcconfig"; sourceTree = "<group>"; };
		2FB4D6896ED5B64C64349F3A /* Pods_CodenamesTests.framework */ = {isa = PBXFileReference; explicitFileType = wrapper.framework; includeInIndex = 0; path = Pods_CodenamesTests.framework; sourceTree = BUILT_PRODUCTS_DIR; };
		4EADB0F2023C89B3AE0DE012 /* Pods-CodenamesTests.release.xcconfig */ = {isa = PBXFileReference; includeInIndex = 1; lastKnownFileType = text.xcconfig; name = "Pods-CodenamesTests.release.xcconfig"; path = "Target Support Files/Pods-CodenamesTests/Pods-CodenamesTests.release.xcconfig"; sourceTree = "<group>"; };
		5478DA1229674590971A4CB9 /* Pods-Codenames.release.xcconfig */ = {isa = PBXFileReference; includeInIndex = 1; lastKnownFileType = text.xcconfig; name = "Pods-Codenames.release.xcconfig"; path = "Target Support Files/Pods-Codenames/Pods-Codenames.release.xcconfig"; sourceTree = "<group>"; };
		631EED73245CB94F00BD0091 /* GoogleService-Info.plist */ = {isa = PBXFileReference; fileEncoding = 4; lastKnownFileType = text.plist.xml; path = "GoogleService-Info.plist"; sourceTree = "<group>"; };
		631EED78245CBDF200BD0091 /* CardCollectionViewController.swift */ = {isa = PBXFileReference; lastKnownFileType = sourcecode.swift; path = CardCollectionViewController.swift; sourceTree = "<group>"; };
		631EED7A245CBED600BD0091 /* CardCollectionCell.swift */ = {isa = PBXFileReference; lastKnownFileType = sourcecode.swift; path = CardCollectionCell.swift; sourceTree = "<group>"; };
		631EED7B245CBED600BD0091 /* CardCollectionCell.xib */ = {isa = PBXFileReference; lastKnownFileType = file.xib; path = CardCollectionCell.xib; sourceTree = "<group>"; };
		63839D96245D57A300657441 /* GameLogic.swift */ = {isa = PBXFileReference; lastKnownFileType = sourcecode.swift; path = GameLogic.swift; sourceTree = "<group>"; };
		639C6CD02458855A0042E635 /* Codenames.app */ = {isa = PBXFileReference; explicitFileType = wrapper.application; includeInIndex = 0; path = Codenames.app; sourceTree = BUILT_PRODUCTS_DIR; };
		639C6CD32458855A0042E635 /* AppDelegate.swift */ = {isa = PBXFileReference; lastKnownFileType = sourcecode.swift; path = AppDelegate.swift; sourceTree = "<group>"; };
		639C6CDA2458855A0042E635 /* Base */ = {isa = PBXFileReference; lastKnownFileType = file.storyboard; name = Base; path = Base.lproj/Main.storyboard; sourceTree = "<group>"; };
		639C6CDD2458855A0042E635 /* Codenames.xcdatamodel */ = {isa = PBXFileReference; lastKnownFileType = wrapper.xcdatamodel; path = Codenames.xcdatamodel; sourceTree = "<group>"; };
		639C6CDF2458855F0042E635 /* Assets.xcassets */ = {isa = PBXFileReference; lastKnownFileType = folder.assetcatalog; path = Assets.xcassets; sourceTree = "<group>"; };
		639C6CE22458855F0042E635 /* Base */ = {isa = PBXFileReference; lastKnownFileType = file.storyboard; name = Base; path = Base.lproj/LaunchScreen.storyboard; sourceTree = "<group>"; };
		639C6CE42458855F0042E635 /* Info.plist */ = {isa = PBXFileReference; lastKnownFileType = text.plist.xml; path = Info.plist; sourceTree = "<group>"; };
		639C6CE92458855F0042E635 /* CodenamesTests.xctest */ = {isa = PBXFileReference; explicitFileType = wrapper.cfbundle; includeInIndex = 0; path = CodenamesTests.xctest; sourceTree = BUILT_PRODUCTS_DIR; };
		639C6CED2458855F0042E635 /* CodenamesTests.swift */ = {isa = PBXFileReference; lastKnownFileType = sourcecode.swift; path = CodenamesTests.swift; sourceTree = "<group>"; };
		639C6CEF2458855F0042E635 /* Info.plist */ = {isa = PBXFileReference; lastKnownFileType = text.plist.xml; path = Info.plist; sourceTree = "<group>"; };
		7C3F5C79F39D37D85A6DB1DD /* Pods-Codenames.debug.xcconfig */ = {isa = PBXFileReference; includeInIndex = 1; lastKnownFileType = text.xcconfig; name = "Pods-Codenames.debug.xcconfig"; path = "Target Support Files/Pods-Codenames/Pods-Codenames.debug.xcconfig"; sourceTree = "<group>"; };
		F6851B4BE418BD2EDEC9135B /* Pods_Codenames.framework */ = {isa = PBXFileReference; explicitFileType = wrapper.framework; includeInIndex = 0; path = Pods_Codenames.framework; sourceTree = BUILT_PRODUCTS_DIR; };
/* End PBXFileReference section */

/* Begin PBXFrameworksBuildPhase section */
		639C6CCD2458855A0042E635 /* Frameworks */ = {
			isa = PBXFrameworksBuildPhase;
			buildActionMask = 2147483647;
			files = (
				3BDD922766899A95CB246279 /* Pods_Codenames.framework in Frameworks */,
			);
			runOnlyForDeploymentPostprocessing = 0;
		};
		639C6CE62458855F0042E635 /* Frameworks */ = {
			isa = PBXFrameworksBuildPhase;
			buildActionMask = 2147483647;
			files = (
				D7403E63CE6018634899B667 /* Pods_CodenamesTests.framework in Frameworks */,
			);
			runOnlyForDeploymentPostprocessing = 0;
		};
/* End PBXFrameworksBuildPhase section */

/* Begin PBXGroup section */
		29450DC1C16B1CA6EC309E54 /* Frameworks */ = {
			isa = PBXGroup;
			children = (
				F6851B4BE418BD2EDEC9135B /* Pods_Codenames.framework */,
				2FB4D6896ED5B64C64349F3A /* Pods_CodenamesTests.framework */,
			);
			name = Frameworks;
			sourceTree = "<group>";
		};
		3CC0F3CBE91B144060F79ABF /* Pods */ = {
			isa = PBXGroup;
			children = (
				7C3F5C79F39D37D85A6DB1DD /* Pods-Codenames.debug.xcconfig */,
				5478DA1229674590971A4CB9 /* Pods-Codenames.release.xcconfig */,
				2797D24CB3CEF088D22441DC /* Pods-CodenamesTests.debug.xcconfig */,
				4EADB0F2023C89B3AE0DE012 /* Pods-CodenamesTests.release.xcconfig */,
			);
			path = Pods;
			sourceTree = "<group>";
		};
		631EED76245CBD7100BD0091 /* CardPageController */ = {
			isa = PBXGroup;
			children = (
				631EED77245CBD9800BD0091 /* Cell */,
				631EED78245CBDF200BD0091 /* CardCollectionViewController.swift */,
			);
			path = CardPageController;
			sourceTree = "<group>";
		};
		631EED77245CBD9800BD0091 /* Cell */ = {
			isa = PBXGroup;
			children = (
				631EED7A245CBED600BD0091 /* CardCollectionCell.swift */,
				631EED7B245CBED600BD0091 /* CardCollectionCell.xib */,
			);
			path = Cell;
			sourceTree = "<group>";
		};
		63839D95245D578C00657441 /* Logic */ = {
			isa = PBXGroup;
			children = (
				63839D96245D57A300657441 /* GameLogic.swift */,
			);
			path = Logic;
			sourceTree = "<group>";
		};
		639C6CC72458855A0042E635 = {
			isa = PBXGroup;
			children = (
				631EED73245CB94F00BD0091 /* GoogleService-Info.plist */,
				639C6CD22458855A0042E635 /* Codenames */,
				639C6CEC2458855F0042E635 /* CodenamesTests */,
				639C6CD12458855A0042E635 /* Products */,
				3CC0F3CBE91B144060F79ABF /* Pods */,
				29450DC1C16B1CA6EC309E54 /* Frameworks */,
			);
			sourceTree = "<group>";
		};
		639C6CD12458855A0042E635 /* Products */ = {
			isa = PBXGroup;
			children = (
				639C6CD02458855A0042E635 /* Codenames.app */,
				639C6CE92458855F0042E635 /* CodenamesTests.xctest */,
			);
			name = Products;
			sourceTree = "<group>";
		};
		639C6CD22458855A0042E635 /* Codenames */ = {
			isa = PBXGroup;
			children = (
				63839D95245D578C00657441 /* Logic */,
				631EED76245CBD7100BD0091 /* CardPageController */,
				639C6CD32458855A0042E635 /* AppDelegate.swift */,
				639C6CD92458855A0042E635 /* Main.storyboard */,
				639C6CDF2458855F0042E635 /* Assets.xcassets */,
				639C6CE12458855F0042E635 /* LaunchScreen.storyboard */,
				639C6CE42458855F0042E635 /* Info.plist */,
				639C6CDC2458855A0042E635 /* Codenames.xcdatamodeld */,
			);
			path = Codenames;
			sourceTree = "<group>";
		};
		639C6CEC2458855F0042E635 /* CodenamesTests */ = {
			isa = PBXGroup;
			children = (
				639C6CED2458855F0042E635 /* CodenamesTests.swift */,
				639C6CEF2458855F0042E635 /* Info.plist */,
			);
			path = CodenamesTests;
			sourceTree = "<group>";
		};
/* End PBXGroup section */

/* Begin PBXNativeTarget section */
		639C6CCF2458855A0042E635 /* Codenames */ = {
			isa = PBXNativeTarget;
			buildConfigurationList = 639C6CF22458855F0042E635 /* Build configuration list for PBXNativeTarget "Codenames" */;
			buildPhases = (
				8DE52CF9F08F4A80B67F7D05 /* [CP] Check Pods Manifest.lock */,
				639C6CCC2458855A0042E635 /* Sources */,
				639C6CCD2458855A0042E635 /* Frameworks */,
				639C6CCE2458855A0042E635 /* Resources */,
				3446DF7665AC8159A350FC7B /* [CP] Embed Pods Frameworks */,
			);
			buildRules = (
			);
			dependencies = (
			);
			name = Codenames;
			productName = Codenames;
			productReference = 639C6CD02458855A0042E635 /* Codenames.app */;
			productType = "com.apple.product-type.application";
		};
		639C6CE82458855F0042E635 /* CodenamesTests */ = {
			isa = PBXNativeTarget;
			buildConfigurationList = 639C6CF52458855F0042E635 /* Build configuration list for PBXNativeTarget "CodenamesTests" */;
			buildPhases = (
				E6409B0712CD519D310D0EF5 /* [CP] Check Pods Manifest.lock */,
				639C6CE52458855F0042E635 /* Sources */,
				639C6CE62458855F0042E635 /* Frameworks */,
				639C6CE72458855F0042E635 /* Resources */,
			);
			buildRules = (
			);
			dependencies = (
				639C6CEB2458855F0042E635 /* PBXTargetDependency */,
			);
			name = CodenamesTests;
			productName = CodenamesTests;
			productReference = 639C6CE92458855F0042E635 /* CodenamesTests.xctest */;
			productType = "com.apple.product-type.bundle.unit-test";
		};
/* End PBXNativeTarget section */

/* Begin PBXProject section */
		639C6CC82458855A0042E635 /* Project object */ = {
			isa = PBXProject;
			attributes = {
				LastSwiftUpdateCheck = 1130;
				LastUpgradeCheck = 1130;
				ORGANIZATIONNAME = "Кристина Пастухова";
				TargetAttributes = {
					639C6CCF2458855A0042E635 = {
						CreatedOnToolsVersion = 11.3.1;
					};
					639C6CE82458855F0042E635 = {
						CreatedOnToolsVersion = 11.3.1;
						TestTargetID = 639C6CCF2458855A0042E635;
					};
				};
			};
			buildConfigurationList = 639C6CCB2458855A0042E635 /* Build configuration list for PBXProject "Codenames" */;
			compatibilityVersion = "Xcode 9.3";
			developmentRegion = en;
			hasScannedForEncodings = 0;
			knownRegions = (
				en,
				Base,
			);
			mainGroup = 639C6CC72458855A0042E635;
			productRefGroup = 639C6CD12458855A0042E635 /* Products */;
			projectDirPath = "";
			projectRoot = "";
			targets = (
				639C6CCF2458855A0042E635 /* Codenames */,
				639C6CE82458855F0042E635 /* CodenamesTests */,
			);
		};
/* End PBXProject section */

/* Begin PBXResourcesBuildPhase section */
		639C6CCE2458855A0042E635 /* Resources */ = {
			isa = PBXResourcesBuildPhase;
			buildActionMask = 2147483647;
			files = (
				639C6CE32458855F0042E635 /* LaunchScreen.storyboard in Resources */,
				631EED74245CB94F00BD0091 /* GoogleService-Info.plist in Resources */,
				631EED7D245CBED600BD0091 /* CardCollectionCell.xib in Resources */,
				639C6CE02458855F0042E635 /* Assets.xcassets in Resources */,
				639C6CDB2458855A0042E635 /* Main.storyboard in Resources */,
			);
			runOnlyForDeploymentPostprocessing = 0;
		};
		639C6CE72458855F0042E635 /* Resources */ = {
			isa = PBXResourcesBuildPhase;
			buildActionMask = 2147483647;
			files = (
			);
			runOnlyForDeploymentPostprocessing = 0;
		};
/* End PBXResourcesBuildPhase section */

/* Begin PBXShellScriptBuildPhase section */
		3446DF7665AC8159A350FC7B /* [CP] Embed Pods Frameworks */ = {
			isa = PBXShellScriptBuildPhase;
			buildActionMask = 2147483647;
			files = (
			);
			inputFileListPaths = (
				"${PODS_ROOT}/Target Support Files/Pods-Codenames/Pods-Codenames-frameworks-${CONFIGURATION}-input-files.xcfilelist",
			);
			name = "[CP] Embed Pods Frameworks";
			outputFileListPaths = (
				"${PODS_ROOT}/Target Support Files/Pods-Codenames/Pods-Codenames-frameworks-${CONFIGURATION}-output-files.xcfilelist",
			);
			runOnlyForDeploymentPostprocessing = 0;
			shellPath = /bin/sh;
			shellScript = "\"${PODS_ROOT}/Target Support Files/Pods-Codenames/Pods-Codenames-frameworks.sh\"\n";
			showEnvVarsInLog = 0;
		};
		8DE52CF9F08F4A80B67F7D05 /* [CP] Check Pods Manifest.lock */ = {
			isa = PBXShellScriptBuildPhase;
			buildActionMask = 2147483647;
			files = (
			);
			inputFileListPaths = (
			);
			inputPaths = (
				"${PODS_PODFILE_DIR_PATH}/Podfile.lock",
				"${PODS_ROOT}/Manifest.lock",
			);
			name = "[CP] Check Pods Manifest.lock";
			outputFileListPaths = (
			);
			outputPaths = (
				"$(DERIVED_FILE_DIR)/Pods-Codenames-checkManifestLockResult.txt",
			);
			runOnlyForDeploymentPostprocessing = 0;
			shellPath = /bin/sh;
			shellScript = "diff \"${PODS_PODFILE_DIR_PATH}/Podfile.lock\" \"${PODS_ROOT}/Manifest.lock\" > /dev/null\nif [ $? != 0 ] ; then\n    # print error to STDERR\n    echo \"error: The sandbox is not in sync with the Podfile.lock. Run 'pod install' or update your CocoaPods installation.\" >&2\n    exit 1\nfi\n# This output is used by Xcode 'outputs' to avoid re-running this script phase.\necho \"SUCCESS\" > \"${SCRIPT_OUTPUT_FILE_0}\"\n";
			showEnvVarsInLog = 0;
		};
		E6409B0712CD519D310D0EF5 /* [CP] Check Pods Manifest.lock */ = {
			isa = PBXShellScriptBuildPhase;
			buildActionMask = 2147483647;
			files = (
			);
			inputFileListPaths = (
			);
			inputPaths = (
				"${PODS_PODFILE_DIR_PATH}/Podfile.lock",
				"${PODS_ROOT}/Manifest.lock",
			);
			name = "[CP] Check Pods Manifest.lock";
			outputFileListPaths = (
			);
			outputPaths = (
				"$(DERIVED_FILE_DIR)/Pods-CodenamesTests-checkManifestLockResult.txt",
			);
			runOnlyForDeploymentPostprocessing = 0;
			shellPath = /bin/sh;
			shellScript = "diff \"${PODS_PODFILE_DIR_PATH}/Podfile.lock\" \"${PODS_ROOT}/Manifest.lock\" > /dev/null\nif [ $? != 0 ] ; then\n    # print error to STDERR\n    echo \"error: The sandbox is not in sync with the Podfile.lock. Run 'pod install' or update your CocoaPods installation.\" >&2\n    exit 1\nfi\n# This output is used by Xcode 'outputs' to avoid re-running this script phase.\necho \"SUCCESS\" > \"${SCRIPT_OUTPUT_FILE_0}\"\n";
			showEnvVarsInLog = 0;
		};
/* End PBXShellScriptBuildPhase section */

/* Begin PBXSourcesBuildPhase section */
		639C6CCC2458855A0042E635 /* Sources */ = {
			isa = PBXSourcesBuildPhase;
			buildActionMask = 2147483647;
			files = (
				63839D97245D57A300657441 /* GameLogic.swift in Sources */,
				639C6CDE2458855A0042E635 /* Codenames.xcdatamodeld in Sources */,
				631EED79245CBDF200BD0091 /* CardCollectionViewController.swift in Sources */,
				631EED7C245CBED600BD0091 /* CardCollectionCell.swift in Sources */,
				639C6CD42458855A0042E635 /* AppDelegate.swift in Sources */,
			);
			runOnlyForDeploymentPostprocessing = 0;
		};
		639C6CE52458855F0042E635 /* Sources */ = {
			isa = PBXSourcesBuildPhase;
			buildActionMask = 2147483647;
			files = (
				639C6CEE2458855F0042E635 /* CodenamesTests.swift in Sources */,
			);
			runOnlyForDeploymentPostprocessing = 0;
		};
/* End PBXSourcesBuildPhase section */

/* Begin PBXTargetDependency section */
		639C6CEB2458855F0042E635 /* PBXTargetDependency */ = {
			isa = PBXTargetDependency;
			target = 639C6CCF2458855A0042E635 /* Codenames */;
			targetProxy = 639C6CEA2458855F0042E635 /* PBXContainerItemProxy */;
		};
/* End PBXTargetDependency section */

/* Begin PBXVariantGroup section */
		639C6CD92458855A0042E635 /* Main.storyboard */ = {
			isa = PBXVariantGroup;
			children = (
				639C6CDA2458855A0042E635 /* Base */,
			);
			name = Main.storyboard;
			sourceTree = "<group>";
		};
		639C6CE12458855F0042E635 /* LaunchScreen.storyboard */ = {
			isa = PBXVariantGroup;
			children = (
				639C6CE22458855F0042E635 /* Base */,
			);
			name = LaunchScreen.storyboard;
			sourceTree = "<group>";
		};
/* End PBXVariantGroup section */

/* Begin XCBuildConfiguration section */
		639C6CF02458855F0042E635 /* Debug */ = {
			isa = XCBuildConfiguration;
			buildSettings = {
				ALWAYS_SEARCH_USER_PATHS = NO;
				CLANG_ANALYZER_NONNULL = YES;
				CLANG_ANALYZER_NUMBER_OBJECT_CONVERSION = YES_AGGRESSIVE;
				CLANG_CXX_LANGUAGE_STANDARD = "gnu++14";
				CLANG_CXX_LIBRARY = "libc++";
				CLANG_ENABLE_MODULES = YES;
				CLANG_ENABLE_OBJC_ARC = YES;
				CLANG_ENABLE_OBJC_WEAK = YES;
				CLANG_WARN_BLOCK_CAPTURE_AUTORELEASING = YES;
				CLANG_WARN_BOOL_CONVERSION = YES;
				CLANG_WARN_COMMA = YES;
				CLANG_WARN_CONSTANT_CONVERSION = YES;
				CLANG_WARN_DEPRECATED_OBJC_IMPLEMENTATIONS = YES;
				CLANG_WARN_DIRECT_OBJC_ISA_USAGE = YES_ERROR;
				CLANG_WARN_DOCUMENTATION_COMMENTS = YES;
				CLANG_WARN_EMPTY_BODY = YES;
				CLANG_WARN_ENUM_CONVERSION = YES;
				CLANG_WARN_INFINITE_RECURSION = YES;
				CLANG_WARN_INT_CONVERSION = YES;
				CLANG_WARN_NON_LITERAL_NULL_CONVERSION = YES;
				CLANG_WARN_OBJC_IMPLICIT_RETAIN_SELF = YES;
				CLANG_WARN_OBJC_LITERAL_CONVERSION = YES;
				CLANG_WARN_OBJC_ROOT_CLASS = YES_ERROR;
				CLANG_WARN_RANGE_LOOP_ANALYSIS = YES;
				CLANG_WARN_STRICT_PROTOTYPES = YES;
				CLANG_WARN_SUSPICIOUS_MOVE = YES;
				CLANG_WARN_UNGUARDED_AVAILABILITY = YES_AGGRESSIVE;
				CLANG_WARN_UNREACHABLE_CODE = YES;
				CLANG_WARN__DUPLICATE_METHOD_MATCH = YES;
				COPY_PHASE_STRIP = NO;
				DEBUG_INFORMATION_FORMAT = dwarf;
				ENABLE_STRICT_OBJC_MSGSEND = YES;
				ENABLE_TESTABILITY = YES;
				GCC_C_LANGUAGE_STANDARD = gnu11;
				GCC_DYNAMIC_NO_PIC = NO;
				GCC_NO_COMMON_BLOCKS = YES;
				GCC_OPTIMIZATION_LEVEL = 0;
				GCC_PREPROCESSOR_DEFINITIONS = (
					"DEBUG=1",
					"$(inherited)",
				);
				GCC_WARN_64_TO_32_BIT_CONVERSION = YES;
				GCC_WARN_ABOUT_RETURN_TYPE = YES_ERROR;
				GCC_WARN_UNDECLARED_SELECTOR = YES;
				GCC_WARN_UNINITIALIZED_AUTOS = YES_AGGRESSIVE;
				GCC_WARN_UNUSED_FUNCTION = YES;
				GCC_WARN_UNUSED_VARIABLE = YES;
				IPHONEOS_DEPLOYMENT_TARGET = 13.2;
				MTL_ENABLE_DEBUG_INFO = INCLUDE_SOURCE;
				MTL_FAST_MATH = YES;
				ONLY_ACTIVE_ARCH = YES;
				SDKROOT = iphoneos;
				SWIFT_ACTIVE_COMPILATION_CONDITIONS = DEBUG;
				SWIFT_OPTIMIZATION_LEVEL = "-Onone";
			};
			name = Debug;
		};
		639C6CF12458855F0042E635 /* Release */ = {
			isa = XCBuildConfiguration;
			buildSettings = {
				ALWAYS_SEARCH_USER_PATHS = NO;
				CLANG_ANALYZER_NONNULL = YES;
				CLANG_ANALYZER_NUMBER_OBJECT_CONVERSION = YES_AGGRESSIVE;
				CLANG_CXX_LANGUAGE_STANDARD = "gnu++14";
				CLANG_CXX_LIBRARY = "libc++";
				CLANG_ENABLE_MODULES = YES;
				CLANG_ENABLE_OBJC_ARC = YES;
				CLANG_ENABLE_OBJC_WEAK = YES;
				CLANG_WARN_BLOCK_CAPTURE_AUTORELEASING = YES;
				CLANG_WARN_BOOL_CONVERSION = YES;
				CLANG_WARN_COMMA = YES;
				CLANG_WARN_CONSTANT_CONVERSION = YES;
				CLANG_WARN_DEPRECATED_OBJC_IMPLEMENTATIONS = YES;
				CLANG_WARN_DIRECT_OBJC_ISA_USAGE = YES_ERROR;
				CLANG_WARN_DOCUMENTATION_COMMENTS = YES;
				CLANG_WARN_EMPTY_BODY = YES;
				CLANG_WARN_ENUM_CONVERSION = YES;
				CLANG_WARN_INFINITE_RECURSION = YES;
				CLANG_WARN_INT_CONVERSION = YES;
				CLANG_WARN_NON_LITERAL_NULL_CONVERSION = YES;
				CLANG_WARN_OBJC_IMPLICIT_RETAIN_SELF = YES;
				CLANG_WARN_OBJC_LITERAL_CONVERSION = YES;
				CLANG_WARN_OBJC_ROOT_CLASS = YES_ERROR;
				CLANG_WARN_RANGE_LOOP_ANALYSIS = YES;
				CLANG_WARN_STRICT_PROTOTYPES = YES;
				CLANG_WARN_SUSPICIOUS_MOVE = YES;
				CLANG_WARN_UNGUARDED_AVAILABILITY = YES_AGGRESSIVE;
				CLANG_WARN_UNREACHABLE_CODE = YES;
				CLANG_WARN__DUPLICATE_METHOD_MATCH = YES;
				COPY_PHASE_STRIP = NO;
				DEBUG_INFORMATION_FORMAT = "dwarf-with-dsym";
				ENABLE_NS_ASSERTIONS = NO;
				ENABLE_STRICT_OBJC_MSGSEND = YES;
				GCC_C_LANGUAGE_STANDARD = gnu11;
				GCC_NO_COMMON_BLOCKS = YES;
				GCC_WARN_64_TO_32_BIT_CONVERSION = YES;
				GCC_WARN_ABOUT_RETURN_TYPE = YES_ERROR;
				GCC_WARN_UNDECLARED_SELECTOR = YES;
				GCC_WARN_UNINITIALIZED_AUTOS = YES_AGGRESSIVE;
				GCC_WARN_UNUSED_FUNCTION = YES;
				GCC_WARN_UNUSED_VARIABLE = YES;
				IPHONEOS_DEPLOYMENT_TARGET = 13.2;
				MTL_ENABLE_DEBUG_INFO = NO;
				MTL_FAST_MATH = YES;
				SDKROOT = iphoneos;
				SWIFT_COMPILATION_MODE = wholemodule;
				SWIFT_OPTIMIZATION_LEVEL = "-O";
				VALIDATE_PRODUCT = YES;
			};
			name = Release;
		};
		639C6CF32458855F0042E635 /* Debug */ = {
			isa = XCBuildConfiguration;
			baseConfigurationReference = 7C3F5C79F39D37D85A6DB1DD /* Pods-Codenames.debug.xcconfig */;
			buildSettings = {
				ASSETCATALOG_COMPILER_APPICON_NAME = AppIcon;
				CODE_SIGN_STYLE = Automatic;
				INFOPLIST_FILE = Codenames/Info.plist;
				LD_RUNPATH_SEARCH_PATHS = (
					"$(inherited)",
					"@executable_path/Frameworks",
				);
				PRODUCT_BUNDLE_IDENTIFIER = com.example.Codenames;
				PRODUCT_NAME = "$(TARGET_NAME)";
				SWIFT_VERSION = 5.0;
				TARGETED_DEVICE_FAMILY = "1,2";
			};
			name = Debug;
		};
		639C6CF42458855F0042E635 /* Release */ = {
			isa = XCBuildConfiguration;
			baseConfigurationReference = 5478DA1229674590971A4CB9 /* Pods-Codenames.release.xcconfig */;
			buildSettings = {
				ASSETCATALOG_COMPILER_APPICON_NAME = AppIcon;
				CODE_SIGN_STYLE = Automatic;
				INFOPLIST_FILE = Codenames/Info.plist;
				LD_RUNPATH_SEARCH_PATHS = (
					"$(inherited)",
					"@executable_path/Frameworks",
				);
				PRODUCT_BUNDLE_IDENTIFIER = com.example.Codenames;
				PRODUCT_NAME = "$(TARGET_NAME)";
				SWIFT_VERSION = 5.0;
				TARGETED_DEVICE_FAMILY = "1,2";
			};
			name = Release;
		};
		639C6CF62458855F0042E635 /* Debug */ = {
			isa = XCBuildConfiguration;
			baseConfigurationReference = 2797D24CB3CEF088D22441DC /* Pods-CodenamesTests.debug.xcconfig */;
			buildSettings = {
				ALWAYS_EMBED_SWIFT_STANDARD_LIBRARIES = YES;
				BUNDLE_LOADER = "$(TEST_HOST)";
				CODE_SIGN_STYLE = Automatic;
				INFOPLIST_FILE = CodenamesTests/Info.plist;
				IPHONEOS_DEPLOYMENT_TARGET = 13.2;
				LD_RUNPATH_SEARCH_PATHS = (
					"$(inherited)",
					"@executable_path/Frameworks",
					"@loader_path/Frameworks",
				);
				PRODUCT_BUNDLE_IDENTIFIER = com.example.CodenamesTests;
				PRODUCT_NAME = "$(TARGET_NAME)";
				SWIFT_VERSION = 5.0;
				TARGETED_DEVICE_FAMILY = "1,2";
				TEST_HOST = "$(BUILT_PRODUCTS_DIR)/Codenames.app/Codenames";
			};
			name = Debug;
		};
		639C6CF72458855F0042E635 /* Release */ = {
			isa = XCBuildConfiguration;
			baseConfigurationReference = 4EADB0F2023C89B3AE0DE012 /* Pods-CodenamesTests.release.xcconfig */;
			buildSettings = {
				ALWAYS_EMBED_SWIFT_STANDARD_LIBRARIES = YES;
				BUNDLE_LOADER = "$(TEST_HOST)";
				CODE_SIGN_STYLE = Automatic;
				INFOPLIST_FILE = CodenamesTests/Info.plist;
				IPHONEOS_DEPLOYMENT_TARGET = 13.2;
				LD_RUNPATH_SEARCH_PATHS = (
					"$(inherited)",
					"@executable_path/Frameworks",
					"@loader_path/Frameworks",
				);
				PRODUCT_BUNDLE_IDENTIFIER = com.example.CodenamesTests;
				PRODUCT_NAME = "$(TARGET_NAME)";
				SWIFT_VERSION = 5.0;
				TARGETED_DEVICE_FAMILY = "1,2";
				TEST_HOST = "$(BUILT_PRODUCTS_DIR)/Codenames.app/Codenames";
			};
			name = Release;
		};
/* End XCBuildConfiguration section */

/* Begin XCConfigurationList section */
		639C6CCB2458855A0042E635 /* Build configuration list for PBXProject "Codenames" */ = {
			isa = XCConfigurationList;
			buildConfigurations = (
				639C6CF02458855F0042E635 /* Debug */,
				639C6CF12458855F0042E635 /* Release */,
			);
			defaultConfigurationIsVisible = 0;
			defaultConfigurationName = Release;
		};
		639C6CF22458855F0042E635 /* Build configuration list for PBXNativeTarget "Codenames" */ = {
			isa = XCConfigurationList;
			buildConfigurations = (
				639C6CF32458855F0042E635 /* Debug */,
				639C6CF42458855F0042E635 /* Release */,
			);
			defaultConfigurationIsVisible = 0;
			defaultConfigurationName = Release;
		};
		639C6CF52458855F0042E635 /* Build configuration list for PBXNativeTarget "CodenamesTests" */ = {
			isa = XCConfigurationList;
			buildConfigurations = (
				639C6CF62458855F0042E635 /* Debug */,
				639C6CF72458855F0042E635 /* Release */,
			);
			defaultConfigurationIsVisible = 0;
			defaultConfigurationName = Release;
		};
/* End XCConfigurationList section */

/* Begin XCVersionGroup section */
		639C6CDC2458855A0042E635 /* Codenames.xcdatamodeld */ = {
			isa = XCVersionGroup;
			children = (
				639C6CDD2458855A0042E635 /* Codenames.xcdatamodel */,
			);
			currentVersion = 639C6CDD2458855A0042E635 /* Codenames.xcdatamodel */;
			path = Codenames.xcdatamodeld;
			sourceTree = "<group>";
			versionGroupType = wrapper.xcdatamodel;
		};
/* End XCVersionGroup section */
	};
	rootObject = 639C6CC82458855A0042E635 /* Project object */;
}
